// !$*UTF8*$!
{
	archiveVersion = 1;
	classes = {
	};
	objectVersion = 46;
	objects = {

/* Begin PBXBuildFile section */
		2825DCD41D34F28C0053EE8C /* AppDelegate.swift in Sources */ = {isa = PBXBuildFile; fileRef = 2825DCD31D34F28C0053EE8C /* AppDelegate.swift */; };
		2825DCD61D34F28C0053EE8C /* ViewController.swift in Sources */ = {isa = PBXBuildFile; fileRef = 2825DCD51D34F28C0053EE8C /* ViewController.swift */; };
		2825DCD91D34F28C0053EE8C /* Main.storyboard in Resources */ = {isa = PBXBuildFile; fileRef = 2825DCD71D34F28C0053EE8C /* Main.storyboard */; };
		2825DCDB1D34F28C0053EE8C /* Assets.xcassets in Resources */ = {isa = PBXBuildFile; fileRef = 2825DCDA1D34F28C0053EE8C /* Assets.xcassets */; };
		2825DCDE1D34F28C0053EE8C /* LaunchScreen.storyboard in Resources */ = {isa = PBXBuildFile; fileRef = 2825DCDC1D34F28C0053EE8C /* LaunchScreen.storyboard */; };
/* End PBXBuildFile section */

/* Begin PBXFileReference section */
		2825DCD01D34F28C0053EE8C /* TipCalculator.app */ = {isa = PBXFileReference; explicitFileType = wrapper.application; includeInIndex = 0; path = TipCalculator.app; sourceTree = BUILT_PRODUCTS_DIR; };
		2825DCD31D34F28C0053EE8C /* AppDelegate.swift */ = {isa = PBXFileReference; lastKnownFileType = sourcecode.swift; path = AppDelegate.swift; sourceTree = "<group>"; };
		2825DCD51D34F28C0053EE8C /* ViewController.swift */ = {isa = PBXFileReference; lastKnownFileType = sourcecode.swift; path = ViewController.swift; sourceTree = "<group>"; };
		2825DCD81D34F28C0053EE8C /* Base */ = {isa = PBXFileReference; lastKnownFileType = file.storyboard; name = Base; path = Base.lproj/Main.storyboard; sourceTree = "<group>"; };
		2825DCDA1D34F28C0053EE8C /* Assets.xcassets */ = {isa = PBXFileReference; lastKnownFileType = folder.assetcatalog; path = Assets.xcassets; sourceTree = "<group>"; };
		2825DCDD1D34F28C0053EE8C /* Base */ = {isa = PBXFileReference; lastKnownFileType = file.storyboard; name = Base; path = Base.lproj/LaunchScreen.storyboard; sourceTree = "<group>"; };
		2825DCDF1D34F28C0053EE8C /* Info.plist */ = {isa = PBXFileReference; lastKnownFileType = text.plist.xml; path = Info.plist; sourceTree = "<group>"; };
/* End PBXFileReference section */

/* Begin PBXFrameworksBuildPhase section */
		2825DCCD1D34F28C0053EE8C /* Frameworks */ = {
			isa = PBXFrameworksBuildPhase;
			buildActionMask = 2147483647;
			files = (
			);
			runOnlyForDeploymentPostprocessing = 0;
		};
/* End PBXFrameworksBuildPhase section */

/* Begin PBXGroup section */
		2825DCC71D34F28C0053EE8C = {
			isa = PBXGroup;
			children = (
				2825DCD21D34F28C0053EE8C /* TipCalculator */,
				2825DCD11D34F28C0053EE8C /* Products */,
			);
			sourceTree = "<group>";
		};
		2825DCD11D34F28C0053EE8C /* Products */ = {
			isa = PBXGroup;
			children = (
				2825DCD01D34F28C0053EE8C /* TipCalculator.app */,
			);
			name = Products;
			sourceTree = "<group>";
		};
		2825DCD21D34F28C0053EE8C /* TipCalculator */ = {
			isa = PBXGroup;
			children = (
				2825DCD31D34F28C0053EE8C /* AppDelegate.swift */,
				2825DCD51D34F28C0053EE8C /* ViewController.swift */,
				2825DCD71D34F28C0053EE8C /* Main.storyboard */,
				2825DCDA1D34F28C0053EE8C /* Assets.xcassets */,
				2825DCDC1D34F28C0053EE8C /* LaunchScreen.storyboard */,
				2825DCDF1D34F28C0053EE8C /* Info.plist */,
			);
			path = TipCalculator;
			sourceTree = "<group>";
		};
/* End PBXGroup section */

/* Begin PBXNativeTarget section */
		2825DCCF1D34F28C0053EE8C /* TipCalculator */ = {
			isa = PBXNativeTarget;
			buildConfigurationList = 2825DCE21D34F28C0053EE8C /* Build configuration list for PBXNativeTarget "TipCalculator" */;
			buildPhases = (
				2825DCCC1D34F28C0053EE8C /* Sources */,
				2825DCCD1D34F28C0053EE8C /* Frameworks */,
				2825DCCE1D34F28C0053EE8C /* Resources */,
			);
			buildRules = (
			);
			dependencies = (
			);
			name = TipCalculator;
			productName = TipCalculator;
			productReference = 2825DCD01D34F28C0053EE8C /* TipCalculator.app */;
			productType = "com.apple.product-type.application";
		};
/* End PBXNativeTarget section */

/* Begin PBXProject section */
		2825DCC81D34F28C0053EE8C /* Project object */ = {
			isa = PBXProject;
			attributes = {
				LastSwiftUpdateCheck = 0730;
				LastUpgradeCheck = 0730;
				ORGANIZATIONNAME = "Super Fun";
				TargetAttributes = {
					2825DCCF1D34F28C0053EE8C = {
						CreatedOnToolsVersion = 7.3;
						DevelopmentTeam = 4NWP6U2626;
					};
				};
			};
			buildConfigurationList = 2825DCCB1D34F28C0053EE8C /* Build configuration list for PBXProject "TipCalculator" */;
			compatibilityVersion = "Xcode 3.2";
			developmentRegion = English;
			hasScannedForEncodings = 0;
			knownRegions = (
				en,
				Base,
			);
			mainGroup = 2825DCC71D34F28C0053EE8C;
			productRefGroup = 2825DCD11D34F28C0053EE8C /* Products */;
			projectDirPath = "";
			projectRoot = "";
			targets = (
				2825DCCF1D34F28C0053EE8C /* TipCalculator */,
			);
		};
/* End PBXProject section */

/* Begin PBXResourcesBuildPhase section */
		2825DCCE1D34F28C0053EE8C /* Resources */ = {
			isa = PBXResourcesBuildPhase;
			buildActionMask = 2147483647;
			files = (
				2825DCDE1D34F28C0053EE8C /* LaunchScreen.storyboard in Resources */,
				2825DCDB1D34F28C0053EE8C /* Assets.xcassets in Resources */,
				2825DCD91D34F28C0053EE8C /* Main.storyboard in Resources */,
			);
			runOnlyForDeploymentPostprocessing = 0;
		};
/* End PBXResourcesBuildPhase section */

/* Begin PBXSourcesBuildPhase section */
		2825DCCC1D34F28C0053EE8C /* Sources */ = {
			isa = PBXSourcesBuildPhase;
			buildActionMask = 2147483647;
			files = (
				2825DCD61D34F28C0053EE8C /* ViewController.swift in Sources */,
				2825DCD41D34F28C0053EE8C /* AppDelegate.swift in Sources */,
			);
			runOnlyForDeploymentPostprocessing = 0;
		};
/* End PBXSourcesBuildPhase section */

/* Begin PBXVariantGroup section */
		2825DCD71D34F28C0053EE8C /* Main.storyboard */ = {
			isa = PBXVariantGroup;
			children = (
				2825DCD81D34F28C0053EE8C /* Base */,
			);
			name = Main.storyboard;
			sourceTree = "<group>";
		};
		2825DCDC1D34F28C0053EE8C /* LaunchScreen.storyboard */ = {
			isa = PBXVariantGroup;
			children = (
				2825DCDD1D34F28C0053EE8C /* Base */,
			);
			name = LaunchScreen.storyboard;
			sourceTree = "<group>";
		};
/* End PBXVariantGroup section */

/* Begin XCBuildConfiguration section */
		2825DCE01D34F28C0053EE8C /* Debug */ = {
			isa = XCBuildConfiguration;
			buildSettings = {
				ALWAYS_SEARCH_USER_PATHS = NO;
				CLANG_ANALYZER_NONNULL = YES;
				CLANG_CXX_LANGUAGE_STANDARD = "gnu++0x";
				CLANG_CXX_LIBRARY = "libc++";
				CLANG_ENABLE_MODULES = YES;
				CLANG_ENABLE_OBJC_ARC = YES;
				CLANG_WARN_BOOL_CONVERSION = YES;
				CLANG_WARN_CONSTANT_CONVERSION = YES;
				CLANG_WARN_DIRECT_OBJC_ISA_USAGE = YES_ERROR;
				CLANG_WARN_EMPTY_BODY = YES;
				CLANG_WARN_ENUM_CONVERSION = YES;
				CLANG_WARN_INT_CONVERSION = YES;
				CLANG_WARN_OBJC_ROOT_CLASS = YES_ERROR;
				CLANG_WARN_UNREACHABLE_CODE = YES;
				CLANG_WARN__DUPLICATE_METHOD_MATCH = YES;
				"CODE_SIGN_IDENTITY[sdk=iphoneos*]" = "iPhone Developer";
				COPY_PHASE_STRIP = NO;
				DEBUG_INFORMATION_FORMAT = dwarf;
				ENABLE_STRICT_OBJC_MSGSEND = YES;
				ENABLE_TESTABILITY = YES;
				GCC_C_LANGUAGE_STANDARD = gnu99;
				GCC_DYNAMIC_NO_PIC = NO;
				GCC_NO_COMMON_BLOCKS = YES;
				GCC_OPTIMIZATION_LEVEL = 0;
				GCC_PREPROCESSOR_DEFINITIONS = (
					"DEBUG=1",
					"$(inherited)",
				);
				GCC_WARN_64_TO_32_BIT_CONVERSION = YES;
				GCC_WARN_ABOUT_RETURN_TYPE = YES_ERROR;
				GCC_WARN_UNDECLARED_SELECTOR = YES;
				GCC_WARN_UNINITIALIZED_AUTOS = YES_AGGRESSIVE;
				GCC_WARN_UNUSED_FUNCTION = YES;
				GCC_WARN_UNUSED_VARIABLE = YES;
				IPHONEOS_DEPLOYMENT_TARGET = 9.3;
				MTL_ENABLE_DEBUG_INFO = YES;
				ONLY_ACTIVE_ARCH = YES;
				SDKROOT = iphoneos;
				SWIFT_OPTIMIZATION_LEVEL = "-Onone";
			};
			name = Debug;
		};
		2825DCE11D34F28C0053EE8C /* Release */ = {
			isa = XCBuildConfiguration;
			buildSettings = {
				ALWAYS_SEARCH_USER_PATHS = NO;
				CLANG_ANALYZER_NONNULL = YES;
				CLANG_CXX_LANGUAGE_STANDARD = "gnu++0x";
				CLANG_CXX_LIBRARY = "libc++";
				CLANG_ENABLE_MODULES = YES;
				CLANG_ENABLE_OBJC_ARC = YES;
				CLANG_WARN_BOOL_CONVERSION = YES;
				CLANG_WARN_CONSTANT_CONVERSION = YES;
				CLANG_WARN_DIRECT_OBJC_ISA_USAGE = YES_ERROR;
				CLANG_WARN_EMPTY_BODY = YES;
				CLANG_WARN_ENUM_CONVERSION = YES;
				CLANG_WARN_INT_CONVERSION = YES;
				CLANG_WARN_OBJC_ROOT_CLASS = YES_ERROR;
				CLANG_WARN_UNREACHABLE_CODE = YES;
				CLANG_WARN__DUPLICATE_METHOD_MATCH = YES;
				"CODE_SIGN_IDENTITY[sdk=iphoneos*]" = "iPhone Developer";
				COPY_PHASE_STRIP = NO;
				DEBUG_INFORMATION_FORMAT = "dwarf-with-dsym";
				ENABLE_NS_ASSERTIONS = NO;
				ENABLE_STRICT_OBJC_MSGSEND = YES;
				GCC_C_LANGUAGE_STANDARD = gnu99;
				GCC_NO_COMMON_BLOCKS = YES;
				GCC_WARN_64_TO_32_BIT_CONVERSION = YES;
				GCC_WARN_ABOUT_RETURN_TYPE = YES_ERROR;
				GCC_WARN_UNDECLARED_SELECTOR = YES;
				GCC_WARN_UNINITIALIZED_AUTOS = YES_AGGRESSIVE;
				GCC_WARN_UNUSED_FUNCTION = YES;
				GCC_WARN_UNUSED_VARIABLE = YES;
				IPHONEOS_DEPLOYMENT_TARGET = 9.3;
				MTL_ENABLE_DEBUG_INFO = NO;
				SDKROOT = iphoneos;
				VALIDATE_PRODUCT = YES;
			};
			name = Release;
		};
		2825DCE31D34F28C0053EE8C /* Debug */ = {
			isa = XCBuildConfiguration;
			buildSettings = {
				ASSETCATALOG_COMPILER_APPICON_NAME = AppIcon;
				CODE_SIGN_IDENTITY = "iPhone Developer";
				INFOPLIST_FILE = TipCalculator/Info.plist;
				LD_RUNPATH_SEARCH_PATHS = "$(inherited) @executable_path/Frameworks";
				PRODUCT_BUNDLE_IDENTIFIER = com.superfun.TipCalculator;
				PRODUCT_NAME = "$(TARGET_NAME)";
			};
			name = Debug;
		};
		2825DCE41D34F28C0053EE8C /* Release */ = {
			isa = XCBuildConfiguration;
			buildSettings = {
				ASSETCATALOG_COMPILER_APPICON_NAME = AppIcon;
				CODE_SIGN_IDENTITY = "iPhone Developer";
				INFOPLIST_FILE = TipCalculator/Info.plist;
				LD_RUNPATH_SEARCH_PATHS = "$(inherited) @executable_path/Frameworks";
				PRODUCT_BUNDLE_IDENTIFIER = com.superfun.TipCalculator;
				PRODUCT_NAME = "$(TARGET_NAME)";
			};
			name = Release;
		};
/* End XCBuildConfiguration section */

/* Begin XCConfigurationList section */
		2825DCCB1D34F28C0053EE8C /* Build configuration list for PBXProject "TipCalculator" */ = {
			isa = XCConfigurationList;
			buildConfigurations = (
				2825DCE01D34F28C0053EE8C /* Debug */,
				2825DCE11D34F28C0053EE8C /* Release */,
			);
			defaultConfigurationIsVisible = 0;
			defaultConfigurationName = Release;
		};
		2825DCE21D34F28C0053EE8C /* Build configuration list for PBXNativeTarget "TipCalculator" */ = {
			isa = XCConfigurationList;
			buildConfigurations = (
				2825DCE31D34F28C0053EE8C /* Debug */,
				2825DCE41D34F28C0053EE8C /* Release */,
			);
			defaultConfigurationIsVisible = 0;
		};
/* End XCConfigurationList section */
	};
	rootObject = 2825DCC81D34F28C0053EE8C /* Project object */;
}
